
Microsoft Visual Studio Solution File, Format Version 12.00
# Visual Studio 15
VisualStudioVersion = 15.0.27004.2005
MinimumVisualStudioVersion = 10.0.40219.1
Project("{9A19103F-16F7-4668-BE54-9A1E7A4F7556}") = "IgniteCacheViewer", "IgniteCacheViewer\IgniteCacheViewer.csproj", "{0FD217AB-FA27-460A-ACC2-EB5C8800BF80}"
EndProject
Project("{9A19103F-16F7-4668-BE54-9A1E7A4F7556}") = "IgniteCacheViewer.TestServer", "IgniteCacheViewer.TestServer\IgniteCacheViewer.TestServer.csproj", "{6A08C179-8C63-40B3-AA40-4BF912E8DF41}"
EndProject
Global
	GlobalSection(SolutionConfigurationPlatforms) = preSolution
		Debug|Any CPU = Debug|Any CPU
		Release|Any CPU = Release|Any CPU
	EndGlobalSection
	GlobalSection(ProjectConfigurationPlatforms) = postSolution
		{0FD217AB-FA27-460A-ACC2-EB5C8800BF80}.Debug|Any CPU.ActiveCfg = Debug|Any CPU
		{0FD217AB-FA27-460A-ACC2-EB5C8800BF80}.Debug|Any CPU.Build.0 = Debug|Any CPU
		{0FD217AB-FA27-460A-ACC2-EB5C8800BF80}.Release|Any CPU.ActiveCfg = Release|Any CPU
		{0FD217AB-FA27-460A-ACC2-EB5C8800BF80}.Release|Any CPU.Build.0 = Release|Any CPU
		{6A08C179-8C63-40B3-AA40-4BF912E8DF41}.Debug|Any CPU.ActiveCfg = Debug|Any CPU
		{6A08C179-8C63-40B3-AA40-4BF912E8DF41}.Debug|Any CPU.Build.0 = Debug|Any CPU
		{6A08C179-8C63-40B3-AA40-4BF912E8DF41}.Release|Any CPU.ActiveCfg = Release|Any CPU
		{6A08C179-8C63-40B3-AA40-4BF912E8DF41}.Release|Any CPU.Build.0 = Release|Any CPU
	EndGlobalSection
	GlobalSection(SolutionProperties) = preSolution
		HideSolutionNode = FALSE
	EndGlobalSection
	GlobalSection(ExtensibilityGlobals) = postSolution
		SolutionGuid = {95E550A8-24AF-4DAF-8E3F-01A3EB4212EF}
	EndGlobalSection
EndGlobal
